
Microsoft Visual Studio Solution File, Format Version 12.00
# Visual Studio Version 17
VisualStudioVersion = 17.7.34202.233
MinimumVisualStudioVersion = 10.0.40219.1
Project("{FAE04EC0-301F-11D3-BF4B-00C04F79EFBC}") = "order", "order\order.csproj", "{3B7FAACD-F92C-42F8-A6BE-305D7CB84612}"
EndProject
Global
	GlobalSection(SolutionConfigurationPlatforms) = preSolution
		Debug|Any CPU = Debug|Any CPU
		Release|Any CPU = Release|Any CPU
	EndGlobalSection
	GlobalSection(ProjectConfigurationPlatforms) = postSolution
		{3B7FAACD-F92C-42F8-A6BE-305D7CB84612}.Debug|Any CPU.ActiveCfg = Debug|Any CPU
		{3B7FAACD-F92C-42F8-A6BE-305D7CB84612}.Debug|Any CPU.Build.0 = Debug|Any CPU
		{3B7FAACD-F92C-42F8-A6BE-305D7CB84612}.Release|Any CPU.ActiveCfg = Release|Any CPU
		{3B7FAACD-F92C-42F8-A6BE-305D7CB84612}.Release|Any CPU.Build.0 = Release|Any CPU
	EndGlobalSection
	GlobalSection(SolutionProperties) = preSolution
		HideSolutionNode = FALSE
	EndGlobalSection
	GlobalSection(ExtensibilityGlobals) = postSolution
		SolutionGuid = {01EE8FEA-0B0F-4EC9-85EE-56D830F57A17}
	EndGlobalSection
EndGlobal
